// !$*UTF8*$!
{
	archiveVersion = 1;
	classes = {
	};
	objectVersion = 50;
	objects = {

/* Begin PBXBuildFile section */
		2A60F790251F5F7200AC2B1D /* TableViewCell+Constraint.swift in Sources */ = {isa = PBXBuildFile; fileRef = 2A60F78F251F5F7200AC2B1D /* TableViewCell+Constraint.swift */; };
		2A60F793251F692E00AC2B1D /* TableViewCell+MetaData.swift in Sources */ = {isa = PBXBuildFile; fileRef = 2A60F792251F692E00AC2B1D /* TableViewCell+MetaData.swift */; };
		2A60F797251F69C900AC2B1D /* ViewModel.swift in Sources */ = {isa = PBXBuildFile; fileRef = 2A60F796251F69C900AC2B1D /* ViewModel.swift */; };
		2A60F79C251F6A0900AC2B1D /* MetaDataModel.swift in Sources */ = {isa = PBXBuildFile; fileRef = 2A60F79B251F6A0900AC2B1D /* MetaDataModel.swift */; };
		2A60F7A8251F750800AC2B1D /* ViewController+UpdateUI.swift in Sources */ = {isa = PBXBuildFile; fileRef = 2A60F7A7251F750800AC2B1D /* ViewController+UpdateUI.swift */; };
		2A60F7AC251F78D900AC2B1D /* UIImageView+Utility.swift in Sources */ = {isa = PBXBuildFile; fileRef = 2A60F7AB251F78D900AC2B1D /* UIImageView+Utility.swift */; };
		2A60F7B0251F7B0500AC2B1D /* FileDownloader.swift in Sources */ = {isa = PBXBuildFile; fileRef = 2A60F7AF251F7B0500AC2B1D /* FileDownloader.swift */; };
		2A60F7B3251F866700AC2B1D /* String+Utility.swift in Sources */ = {isa = PBXBuildFile; fileRef = 2A60F7B2251F866700AC2B1D /* String+Utility.swift */; };
		2A60F7B6251F89E100AC2B1D /* CommomUtility.swift in Sources */ = {isa = PBXBuildFile; fileRef = 2A60F7B5251F89E100AC2B1D /* CommomUtility.swift */; };
		2AC4BA1E251F46BE0053F030 /* AppDelegate.swift in Sources */ = {isa = PBXBuildFile; fileRef = 2AC4BA1D251F46BE0053F030 /* AppDelegate.swift */; };
		2AC4BA20251F46BE0053F030 /* SceneDelegate.swift in Sources */ = {isa = PBXBuildFile; fileRef = 2AC4BA1F251F46BE0053F030 /* SceneDelegate.swift */; };
		2AC4BA22251F46BE0053F030 /* ViewController.swift in Sources */ = {isa = PBXBuildFile; fileRef = 2AC4BA21251F46BE0053F030 /* ViewController.swift */; };
		2AC4BA27251F46BF0053F030 /* Assets.xcassets in Resources */ = {isa = PBXBuildFile; fileRef = 2AC4BA26251F46BF0053F030 /* Assets.xcassets */; };
		2AC4BA2A251F46BF0053F030 /* LaunchScreen.storyboard in Resources */ = {isa = PBXBuildFile; fileRef = 2AC4BA28251F46BF0053F030 /* LaunchScreen.storyboard */; };
		2AC4BA39251F50730053F030 /* ViewController+TableViewDelegate.swift in Sources */ = {isa = PBXBuildFile; fileRef = 2AC4BA38251F50730053F030 /* ViewController+TableViewDelegate.swift */; };
		2AC4BA40251F56FA0053F030 /* TableViewCell.swift in Sources */ = {isa = PBXBuildFile; fileRef = 2AC4BA3F251F56FA0053F030 /* TableViewCell.swift */; };
/* End PBXBuildFile section */

/* Begin PBXFileReference section */
		2A60F78F251F5F7200AC2B1D /* TableViewCell+Constraint.swift */ = {isa = PBXFileReference; lastKnownFileType = sourcecode.swift; path = "TableViewCell+Constraint.swift"; sourceTree = "<group>"; };
		2A60F792251F692E00AC2B1D /* TableViewCell+MetaData.swift */ = {isa = PBXFileReference; lastKnownFileType = sourcecode.swift; path = "TableViewCell+MetaData.swift"; sourceTree = "<group>"; };
		2A60F796251F69C900AC2B1D /* ViewModel.swift */ = {isa = PBXFileReference; lastKnownFileType = sourcecode.swift; path = ViewModel.swift; sourceTree = "<group>"; };
		2A60F79B251F6A0900AC2B1D /* MetaDataModel.swift */ = {isa = PBXFileReference; lastKnownFileType = sourcecode.swift; path = MetaDataModel.swift; sourceTree = "<group>"; };
		2A60F7A7251F750800AC2B1D /* ViewController+UpdateUI.swift */ = {isa = PBXFileReference; lastKnownFileType = sourcecode.swift; path = "ViewController+UpdateUI.swift"; sourceTree = "<group>"; };
		2A60F7AB251F78D900AC2B1D /* UIImageView+Utility.swift */ = {isa = PBXFileReference; lastKnownFileType = sourcecode.swift; path = "UIImageView+Utility.swift"; sourceTree = "<group>"; };
		2A60F7AF251F7B0500AC2B1D /* FileDownloader.swift */ = {isa = PBXFileReference; lastKnownFileType = sourcecode.swift; path = FileDownloader.swift; sourceTree = "<group>"; };
		2A60F7B2251F866700AC2B1D /* String+Utility.swift */ = {isa = PBXFileReference; lastKnownFileType = sourcecode.swift; path = "String+Utility.swift"; sourceTree = "<group>"; };
		2A60F7B5251F89E100AC2B1D /* CommomUtility.swift */ = {isa = PBXFileReference; lastKnownFileType = sourcecode.swift; path = CommomUtility.swift; sourceTree = "<group>"; };
		2AC4BA1A251F46BE0053F030 /* DemoLoad.app */ = {isa = PBXFileReference; explicitFileType = wrapper.application; includeInIndex = 0; path = DemoLoad.app; sourceTree = BUILT_PRODUCTS_DIR; };
		2AC4BA1D251F46BE0053F030 /* AppDelegate.swift */ = {isa = PBXFileReference; lastKnownFileType = sourcecode.swift; path = AppDelegate.swift; sourceTree = "<group>"; };
		2AC4BA1F251F46BE0053F030 /* SceneDelegate.swift */ = {isa = PBXFileReference; lastKnownFileType = sourcecode.swift; path = SceneDelegate.swift; sourceTree = "<group>"; };
		2AC4BA21251F46BE0053F030 /* ViewController.swift */ = {isa = PBXFileReference; lastKnownFileType = sourcecode.swift; path = ViewController.swift; sourceTree = "<group>"; };
		2AC4BA26251F46BF0053F030 /* Assets.xcassets */ = {isa = PBXFileReference; lastKnownFileType = folder.assetcatalog; path = Assets.xcassets; sourceTree = "<group>"; };
		2AC4BA29251F46BF0053F030 /* Base */ = {isa = PBXFileReference; lastKnownFileType = file.storyboard; name = Base; path = Base.lproj/LaunchScreen.storyboard; sourceTree = "<group>"; };
		2AC4BA2B251F46BF0053F030 /* Info.plist */ = {isa = PBXFileReference; lastKnownFileType = text.plist.xml; path = Info.plist; sourceTree = "<group>"; };
		2AC4BA38251F50730053F030 /* ViewController+TableViewDelegate.swift */ = {isa = PBXFileReference; lastKnownFileType = sourcecode.swift; path = "ViewController+TableViewDelegate.swift"; sourceTree = "<group>"; };
		2AC4BA3F251F56FA0053F030 /* TableViewCell.swift */ = {isa = PBXFileReference; lastKnownFileType = sourcecode.swift; path = TableViewCell.swift; sourceTree = "<group>"; };
/* End PBXFileReference section */

/* Begin PBXFrameworksBuildPhase section */
		2AC4BA17251F46BE0053F030 /* Frameworks */ = {
			isa = PBXFrameworksBuildPhase;
			buildActionMask = 2147483647;
			files = (
			);
			runOnlyForDeploymentPostprocessing = 0;
		};
/* End PBXFrameworksBuildPhase section */

/* Begin PBXGroup section */
		2A60F795251F695700AC2B1D /* ViewModel */ = {
			isa = PBXGroup;
			children = (
				2A60F796251F69C900AC2B1D /* ViewModel.swift */,
			);
			path = ViewModel;
			sourceTree = "<group>";
		};
		2A60F79A251F69F800AC2B1D /* Model */ = {
			isa = PBXGroup;
			children = (
				2A60F79B251F6A0900AC2B1D /* MetaDataModel.swift */,
			);
			path = Model;
			sourceTree = "<group>";
		};
		2A60F7AA251F78AF00AC2B1D /* Utility */ = {
			isa = PBXGroup;
			children = (
				2A60F7AB251F78D900AC2B1D /* UIImageView+Utility.swift */,
				2A60F7AF251F7B0500AC2B1D /* FileDownloader.swift */,
				2A60F7B2251F866700AC2B1D /* String+Utility.swift */,
				2A60F7B5251F89E100AC2B1D /* CommomUtility.swift */,
			);
			path = Utility;
			sourceTree = "<group>";
		};
		2AC4BA11251F46BD0053F030 = {
			isa = PBXGroup;
			children = (
				2AC4BA1C251F46BE0053F030 /* DemoLoad */,
				2AC4BA1B251F46BE0053F030 /* Products */,
			);
			sourceTree = "<group>";
		};
		2AC4BA1B251F46BE0053F030 /* Products */ = {
			isa = PBXGroup;
			children = (
				2AC4BA1A251F46BE0053F030 /* DemoLoad.app */,
			);
			name = Products;
			sourceTree = "<group>";
		};
		2AC4BA1C251F46BE0053F030 /* DemoLoad */ = {
			isa = PBXGroup;
			children = (
				2A60F7AA251F78AF00AC2B1D /* Utility */,
				2A60F79A251F69F800AC2B1D /* Model */,
				2A60F795251F695700AC2B1D /* ViewModel */,
				2AC4BA3E251F56E10053F030 /* TableViewCell */,
				2AC4BA3D251F55550053F030 /* ViewController */,
				2AC4BA3C251F553F0053F030 /* Appdelegate */,
				2AC4BA26251F46BF0053F030 /* Assets.xcassets */,
				2AC4BA28251F46BF0053F030 /* LaunchScreen.storyboard */,
				2AC4BA2B251F46BF0053F030 /* Info.plist */,
			);
			path = DemoLoad;
			sourceTree = "<group>";
		};
		2AC4BA3C251F553F0053F030 /* Appdelegate */ = {
			isa = PBXGroup;
			children = (
				2AC4BA1D251F46BE0053F030 /* AppDelegate.swift */,
				2AC4BA1F251F46BE0053F030 /* SceneDelegate.swift */,
			);
			path = Appdelegate;
			sourceTree = "<group>";
		};
		2AC4BA3D251F55550053F030 /* ViewController */ = {
			isa = PBXGroup;
			children = (
				2AC4BA21251F46BE0053F030 /* ViewController.swift */,
				2AC4BA38251F50730053F030 /* ViewController+TableViewDelegate.swift */,
				2A60F7A7251F750800AC2B1D /* ViewController+UpdateUI.swift */,
			);
			path = ViewController;
			sourceTree = "<group>";
		};
		2AC4BA3E251F56E10053F030 /* TableViewCell */ = {
			isa = PBXGroup;
			children = (
				2AC4BA3F251F56FA0053F030 /* TableViewCell.swift */,
				2A60F78F251F5F7200AC2B1D /* TableViewCell+Constraint.swift */,
				2A60F792251F692E00AC2B1D /* TableViewCell+MetaData.swift */,
			);
			path = TableViewCell;
			sourceTree = "<group>";
		};
/* End PBXGroup section */

/* Begin PBXNativeTarget section */
		2AC4BA19251F46BE0053F030 /* DemoLoad */ = {
			isa = PBXNativeTarget;
			buildConfigurationList = 2AC4BA2E251F46BF0053F030 /* Build configuration list for PBXNativeTarget "DemoLoad" */;
			buildPhases = (
				2AC4BA16251F46BE0053F030 /* Sources */,
				2AC4BA17251F46BE0053F030 /* Frameworks */,
				2AC4BA18251F46BE0053F030 /* Resources */,
			);
			buildRules = (
			);
			dependencies = (
			);
			name = DemoLoad;
			productName = DemoLoad;
			productReference = 2AC4BA1A251F46BE0053F030 /* DemoLoad.app */;
			productType = "com.apple.product-type.application";
		};
/* End PBXNativeTarget section */

/* Begin PBXProject section */
		2AC4BA12251F46BD0053F030 /* Project object */ = {
			isa = PBXProject;
			attributes = {
				LastSwiftUpdateCheck = 1200;
				LastUpgradeCheck = 1200;
				TargetAttributes = {
					2AC4BA19251F46BE0053F030 = {
						CreatedOnToolsVersion = 12.0;
					};
				};
			};
			buildConfigurationList = 2AC4BA15251F46BD0053F030 /* Build configuration list for PBXProject "DemoLoad" */;
			compatibilityVersion = "Xcode 9.3";
			developmentRegion = en;
			hasScannedForEncodings = 0;
			knownRegions = (
				en,
				Base,
			);
			mainGroup = 2AC4BA11251F46BD0053F030;
			productRefGroup = 2AC4BA1B251F46BE0053F030 /* Products */;
			projectDirPath = "";
			projectRoot = "";
			targets = (
				2AC4BA19251F46BE0053F030 /* DemoLoad */,
			);
		};
/* End PBXProject section */

/* Begin PBXResourcesBuildPhase section */
		2AC4BA18251F46BE0053F030 /* Resources */ = {
			isa = PBXResourcesBuildPhase;
			buildActionMask = 2147483647;
			files = (
				2AC4BA2A251F46BF0053F030 /* LaunchScreen.storyboard in Resources */,
				2AC4BA27251F46BF0053F030 /* Assets.xcassets in Resources */,
			);
			runOnlyForDeploymentPostprocessing = 0;
		};
/* End PBXResourcesBuildPhase section */

/* Begin PBXSourcesBuildPhase section */
		2AC4BA16251F46BE0053F030 /* Sources */ = {
			isa = PBXSourcesBuildPhase;
			buildActionMask = 2147483647;
			files = (
				2A60F7B6251F89E100AC2B1D /* CommomUtility.swift in Sources */,
				2A60F7AC251F78D900AC2B1D /* UIImageView+Utility.swift in Sources */,
				2AC4BA40251F56FA0053F030 /* TableViewCell.swift in Sources */,
				2A60F793251F692E00AC2B1D /* TableViewCell+MetaData.swift in Sources */,
				2AC4BA22251F46BE0053F030 /* ViewController.swift in Sources */,
				2A60F7B3251F866700AC2B1D /* String+Utility.swift in Sources */,
				2A60F790251F5F7200AC2B1D /* TableViewCell+Constraint.swift in Sources */,
				2AC4BA39251F50730053F030 /* ViewController+TableViewDelegate.swift in Sources */,
				2A60F7B0251F7B0500AC2B1D /* FileDownloader.swift in Sources */,
				2A60F7A8251F750800AC2B1D /* ViewController+UpdateUI.swift in Sources */,
				2AC4BA1E251F46BE0053F030 /* AppDelegate.swift in Sources */,
				2A60F79C251F6A0900AC2B1D /* MetaDataModel.swift in Sources */,
				2A60F797251F69C900AC2B1D /* ViewModel.swift in Sources */,
				2AC4BA20251F46BE0053F030 /* SceneDelegate.swift in Sources */,
			);
			runOnlyForDeploymentPostprocessing = 0;
		};
/* End PBXSourcesBuildPhase section */

/* Begin PBXVariantGroup section */
		2AC4BA28251F46BF0053F030 /* LaunchScreen.storyboard */ = {
			isa = PBXVariantGroup;
			children = (
				2AC4BA29251F46BF0053F030 /* Base */,
			);
			name = LaunchScreen.storyboard;
			sourceTree = "<group>";
		};
/* End PBXVariantGroup section */

/* Begin XCBuildConfiguration section */
		2AC4BA2C251F46BF0053F030 /* Debug */ = {
			isa = XCBuildConfiguration;
			buildSettings = {
				ALWAYS_SEARCH_USER_PATHS = NO;
				CLANG_ANALYZER_NONNULL = YES;
				CLANG_ANALYZER_NUMBER_OBJECT_CONVERSION = YES_AGGRESSIVE;
				CLANG_CXX_LANGUAGE_STANDARD = "gnu++14";
				CLANG_CXX_LIBRARY = "libc++";
				CLANG_ENABLE_MODULES = YES;
				CLANG_ENABLE_OBJC_ARC = YES;
				CLANG_ENABLE_OBJC_WEAK = YES;
				CLANG_WARN_BLOCK_CAPTURE_AUTORELEASING = YES;
				CLANG_WARN_BOOL_CONVERSION = YES;
				CLANG_WARN_COMMA = YES;
				CLANG_WARN_CONSTANT_CONVERSION = YES;
				CLANG_WARN_DEPRECATED_OBJC_IMPLEMENTATIONS = YES;
				CLANG_WARN_DIRECT_OBJC_ISA_USAGE = YES_ERROR;
				CLANG_WARN_DOCUMENTATION_COMMENTS = YES;
				CLANG_WARN_EMPTY_BODY = YES;
				CLANG_WARN_ENUM_CONVERSION = YES;
				CLANG_WARN_INFINITE_RECURSION = YES;
				CLANG_WARN_INT_CONVERSION = YES;
				CLANG_WARN_NON_LITERAL_NULL_CONVERSION = YES;
				CLANG_WARN_OBJC_IMPLICIT_RETAIN_SELF = YES;
				CLANG_WARN_OBJC_LITERAL_CONVERSION = YES;
				CLANG_WARN_OBJC_ROOT_CLASS = YES_ERROR;
				CLANG_WARN_QUOTED_INCLUDE_IN_FRAMEWORK_HEADER = YES;
				CLANG_WARN_RANGE_LOOP_ANALYSIS = YES;
				CLANG_WARN_STRICT_PROTOTYPES = YES;
				CLANG_WARN_SUSPICIOUS_MOVE = YES;
				CLANG_WARN_UNGUARDED_AVAILABILITY = YES_AGGRESSIVE;
				CLANG_WARN_UNREACHABLE_CODE = YES;
				CLANG_WARN__DUPLICATE_METHOD_MATCH = YES;
				COPY_PHASE_STRIP = NO;
				DEBUG_INFORMATION_FORMAT = dwarf;
				ENABLE_STRICT_OBJC_MSGSEND = YES;
				ENABLE_TESTABILITY = YES;
				GCC_C_LANGUAGE_STANDARD = gnu11;
				GCC_DYNAMIC_NO_PIC = NO;
				GCC_NO_COMMON_BLOCKS = YES;
				GCC_OPTIMIZATION_LEVEL = 0;
				GCC_PREPROCESSOR_DEFINITIONS = (
					"DEBUG=1",
					"$(inherited)",
				);
				GCC_WARN_64_TO_32_BIT_CONVERSION = YES;
				GCC_WARN_ABOUT_RETURN_TYPE = YES_ERROR;
				GCC_WARN_UNDECLARED_SELECTOR = YES;
				GCC_WARN_UNINITIALIZED_AUTOS = YES_AGGRESSIVE;
				GCC_WARN_UNUSED_FUNCTION = YES;
				GCC_WARN_UNUSED_VARIABLE = YES;
				IPHONEOS_DEPLOYMENT_TARGET = 11.0;
				MTL_ENABLE_DEBUG_INFO = INCLUDE_SOURCE;
				MTL_FAST_MATH = YES;
				ONLY_ACTIVE_ARCH = YES;
				SDKROOT = iphoneos;
				SWIFT_ACTIVE_COMPILATION_CONDITIONS = DEBUG;
				SWIFT_OPTIMIZATION_LEVEL = "-Onone";
			};
			name = Debug;
		};
		2AC4BA2D251F46BF0053F030 /* Release */ = {
			isa = XCBuildConfiguration;
			buildSettings = {
				ALWAYS_SEARCH_USER_PATHS = NO;
				CLANG_ANALYZER_NONNULL = YES;
				CLANG_ANALYZER_NUMBER_OBJECT_CONVERSION = YES_AGGRESSIVE;
				CLANG_CXX_LANGUAGE_STANDARD = "gnu++14";
				CLANG_CXX_LIBRARY = "libc++";
				CLANG_ENABLE_MODULES = YES;
				CLANG_ENABLE_OBJC_ARC = YES;
				CLANG_ENABLE_OBJC_WEAK = YES;
				CLANG_WARN_BLOCK_CAPTURE_AUTORELEASING = YES;
				CLANG_WARN_BOOL_CONVERSION = YES;
				CLANG_WARN_COMMA = YES;
				CLANG_WARN_CONSTANT_CONVERSION = YES;
				CLANG_WARN_DEPRECATED_OBJC_IMPLEMENTATIONS = YES;
				CLANG_WARN_DIRECT_OBJC_ISA_USAGE = YES_ERROR;
				CLANG_WARN_DOCUMENTATION_COMMENTS = YES;
				CLANG_WARN_EMPTY_BODY = YES;
				CLANG_WARN_ENUM_CONVERSION = YES;
				CLANG_WARN_INFINITE_RECURSION = YES;
				CLANG_WARN_INT_CONVERSION = YES;
				CLANG_WARN_NON_LITERAL_NULL_CONVERSION = YES;
				CLANG_WARN_OBJC_IMPLICIT_RETAIN_SELF = YES;
				CLANG_WARN_OBJC_LITERAL_CONVERSION = YES;
				CLANG_WARN_OBJC_ROOT_CLASS = YES_ERROR;
				CLANG_WARN_QUOTED_INCLUDE_IN_FRAMEWORK_HEADER = YES;
				CLANG_WARN_RANGE_LOOP_ANALYSIS = YES;
				CLANG_WARN_STRICT_PROTOTYPES = YES;
				CLANG_WARN_SUSPICIOUS_MOVE = YES;
				CLANG_WARN_UNGUARDED_AVAILABILITY = YES_AGGRESSIVE;
				CLANG_WARN_UNREACHABLE_CODE = YES;
				CLANG_WARN__DUPLICATE_METHOD_MATCH = YES;
				COPY_PHASE_STRIP = NO;
				DEBUG_INFORMATION_FORMAT = "dwarf-with-dsym";
				ENABLE_NS_ASSERTIONS = NO;
				ENABLE_STRICT_OBJC_MSGSEND = YES;
				GCC_C_LANGUAGE_STANDARD = gnu11;
				GCC_NO_COMMON_BLOCKS = YES;
				GCC_WARN_64_TO_32_BIT_CONVERSION = YES;
				GCC_WARN_ABOUT_RETURN_TYPE = YES_ERROR;
				GCC_WARN_UNDECLARED_SELECTOR = YES;
				GCC_WARN_UNINITIALIZED_AUTOS = YES_AGGRESSIVE;
				GCC_WARN_UNUSED_FUNCTION = YES;
				GCC_WARN_UNUSED_VARIABLE = YES;
				IPHONEOS_DEPLOYMENT_TARGET = 11.0;
				MTL_ENABLE_DEBUG_INFO = NO;
				MTL_FAST_MATH = YES;
				SDKROOT = iphoneos;
				SWIFT_COMPILATION_MODE = wholemodule;
				SWIFT_OPTIMIZATION_LEVEL = "-O";
				VALIDATE_PRODUCT = YES;
			};
			name = Release;
		};
		2AC4BA2F251F46BF0053F030 /* Debug */ = {
			isa = XCBuildConfiguration;
			buildSettings = {
				ASSETCATALOG_COMPILER_APPICON_NAME = AppIcon;
				ASSETCATALOG_COMPILER_GLOBAL_ACCENT_COLOR_NAME = AccentColor;
				CODE_SIGN_STYLE = Automatic;
				CURRENT_PROJECT_VERSION = 1.0;
				DEVELOPMENT_TEAM = "";
				INFOPLIST_FILE = DemoLoad/Info.plist;
				IPHONEOS_DEPLOYMENT_TARGET = 11.0;
				LD_RUNPATH_SEARCH_PATHS = (
					"$(inherited)",
					"@executable_path/Frameworks",
				);
				PRODUCT_BUNDLE_IDENTIFIER = com.demo.DemoLoad;
				PRODUCT_NAME = "$(TARGET_NAME)";
				SWIFT_VERSION = 5.0;
				TARGETED_DEVICE_FAMILY = "1,2";
			};
			name = Debug;
		};
		2AC4BA30251F46BF0053F030 /* Release */ = {
			isa = XCBuildConfiguration;
			buildSettings = {
				ASSETCATALOG_COMPILER_APPICON_NAME = AppIcon;
				ASSETCATALOG_COMPILER_GLOBAL_ACCENT_COLOR_NAME = AccentColor;
				CODE_SIGN_STYLE = Automatic;
				CURRENT_PROJECT_VERSION = 1.0;
				DEVELOPMENT_TEAM = "";
				INFOPLIST_FILE = DemoLoad/Info.plist;
				IPHONEOS_DEPLOYMENT_TARGET = 11.0;
				LD_RUNPATH_SEARCH_PATHS = (
					"$(inherited)",
					"@executable_path/Frameworks",
				);
				PRODUCT_BUNDLE_IDENTIFIER = com.demo.DemoLoad;
				PRODUCT_NAME = "$(TARGET_NAME)";
				SWIFT_VERSION = 5.0;
				TARGETED_DEVICE_FAMILY = "1,2";
			};
			name = Release;
		};
/* End XCBuildConfiguration section */

/* Begin XCConfigurationList section */
		2AC4BA15251F46BD0053F030 /* Build configuration list for PBXProject "DemoLoad" */ = {
			isa = XCConfigurationList;
			buildConfigurations = (
				2AC4BA2C251F46BF0053F030 /* Debug */,
				2AC4BA2D251F46BF0053F030 /* Release */,
			);
			defaultConfigurationIsVisible = 0;
			defaultConfigurationName = Release;
		};
		2AC4BA2E251F46BF0053F030 /* Build configuration list for PBXNativeTarget "DemoLoad" */ = {
			isa = XCConfigurationList;
			buildConfigurations = (
				2AC4BA2F251F46BF0053F030 /* Debug */,
				2AC4BA30251F46BF0053F030 /* Release */,
			);
			defaultConfigurationIsVisible = 0;
			defaultConfigurationName = Release;
		};
/* End XCConfigurationList section */
	};
	rootObject = 2AC4BA12251F46BD0053F030 /* Project object */;
}
